// !$*UTF8*$!
{
	archiveVersion = 1;
	classes = {
	};
	objectVersion = 51;
	objects = {

/* Begin PBXBuildFile section */
		5700F34026FD63AF007281DC /* FriendsAPI.swift in Sources */ = {isa = PBXBuildFile; fileRef = 5700F33F26FD63AF007281DC /* FriendsAPI.swift */; };
		571D16A626EA0F1700010A15 /* SendViewController.swift in Sources */ = {isa = PBXBuildFile; fileRef = 571D16A526EA0F1700010A15 /* SendViewController.swift */; };
		571D16A826EA0F2900010A15 /* DetailViewController.swift in Sources */ = {isa = PBXBuildFile; fileRef = 571D16A726EA0F2900010A15 /* DetailViewController.swift */; };
		5722476826E9936F002F5648 /* AppDelegate.swift in Sources */ = {isa = PBXBuildFile; fileRef = 5722476726E9936F002F5648 /* AppDelegate.swift */; };
		5722476A26E9936F002F5648 /* SceneDelegate.swift in Sources */ = {isa = PBXBuildFile; fileRef = 5722476926E9936F002F5648 /* SceneDelegate.swift */; };
		5722476C26E9936F002F5648 /* ViewController.swift in Sources */ = {isa = PBXBuildFile; fileRef = 5722476B26E9936F002F5648 /* ViewController.swift */; };
		5722476F26E9936F002F5648 /* Main.storyboard in Resources */ = {isa = PBXBuildFile; fileRef = 5722476D26E9936F002F5648 /* Main.storyboard */; };
		5722477126E99370002F5648 /* Assets.xcassets in Resources */ = {isa = PBXBuildFile; fileRef = 5722477026E99370002F5648 /* Assets.xcassets */; };
		5722477426E99370002F5648 /* LaunchScreen.storyboard in Resources */ = {isa = PBXBuildFile; fileRef = 5722477226E99370002F5648 /* LaunchScreen.storyboard */; };
		57A812F226EA5958003A4C3D /* NotificationCenterViewController.swift in Sources */ = {isa = PBXBuildFile; fileRef = 57A812F126EA5958003A4C3D /* NotificationCenterViewController.swift */; };
		57A812F526EF857A003A4C3D /* ChooseFruitViewController.swift in Sources */ = {isa = PBXBuildFile; fileRef = 57A812F426EF857A003A4C3D /* ChooseFruitViewController.swift */; };
		57A812F926EF86B7003A4C3D /* DisplayFruitsTableController.swift in Sources */ = {isa = PBXBuildFile; fileRef = 57A812F826EF86B7003A4C3D /* DisplayFruitsTableController.swift */; };
		57A812FC26F02DBE003A4C3D /* NetworkingViewController.swift in Sources */ = {isa = PBXBuildFile; fileRef = 57A812FB26F02DBE003A4C3D /* NetworkingViewController.swift */; };
		57F368CB26F1BE0C00B19CD5 /* Session.swift in Sources */ = {isa = PBXBuildFile; fileRef = 57F368CA26F1BE0C00B19CD5 /* Session.swift */; };
		57F368D026F1BE9700B19CD5 /* AuthViewController.swift in Sources */ = {isa = PBXBuildFile; fileRef = 57F368CF26F1BE9700B19CD5 /* AuthViewController.swift */; };
		57F368D226F1BEBA00B19CD5 /* DisplayFriendsViewController.swift in Sources */ = {isa = PBXBuildFile; fileRef = 57F368D126F1BEBA00B19CD5 /* DisplayFriendsViewController.swift */; };
		F800FCFC3DF12C6E4250902F /* Pods_client_server_1436.framework in Frameworks */ = {isa = PBXBuildFile; fileRef = 51C26B5E2FCB91A942AA907C /* Pods_client_server_1436.framework */; };
/* End PBXBuildFile section */

/* Begin PBXFileReference section */
		1E2D7F9457AF275862C67A1E /* Pods-client-server-1436.release.xcconfig */ = {isa = PBXFileReference; includeInIndex = 1; lastKnownFileType = text.xcconfig; name = "Pods-client-server-1436.release.xcconfig"; path = "Target Support Files/Pods-client-server-1436/Pods-client-server-1436.release.xcconfig"; sourceTree = "<group>"; };
		51C26B5E2FCB91A942AA907C /* Pods_client_server_1436.framework */ = {isa = PBXFileReference; explicitFileType = wrapper.framework; includeInIndex = 0; path = Pods_client_server_1436.framework; sourceTree = BUILT_PRODUCTS_DIR; };
		5700F33F26FD63AF007281DC /* FriendsAPI.swift */ = {isa = PBXFileReference; lastKnownFileType = sourcecode.swift; path = FriendsAPI.swift; sourceTree = "<group>"; };
		571D16A526EA0F1700010A15 /* SendViewController.swift */ = {isa = PBXFileReference; lastKnownFileType = sourcecode.swift; path = SendViewController.swift; sourceTree = "<group>"; };
		571D16A726EA0F2900010A15 /* DetailViewController.swift */ = {isa = PBXFileReference; lastKnownFileType = sourcecode.swift; path = DetailViewController.swift; sourceTree = "<group>"; };
		5722476426E9936F002F5648 /* client-server-1436.app */ = {isa = PBXFileReference; explicitFileType = wrapper.application; includeInIndex = 0; path = "client-server-1436.app"; sourceTree = BUILT_PRODUCTS_DIR; };
		5722476726E9936F002F5648 /* AppDelegate.swift */ = {isa = PBXFileReference; lastKnownFileType = sourcecode.swift; path = AppDelegate.swift; sourceTree = "<group>"; };
		5722476926E9936F002F5648 /* SceneDelegate.swift */ = {isa = PBXFileReference; lastKnownFileType = sourcecode.swift; path = SceneDelegate.swift; sourceTree = "<group>"; };
		5722476B26E9936F002F5648 /* ViewController.swift */ = {isa = PBXFileReference; lastKnownFileType = sourcecode.swift; path = ViewController.swift; sourceTree = "<group>"; };
		5722476E26E9936F002F5648 /* Base */ = {isa = PBXFileReference; lastKnownFileType = file.storyboard; name = Base; path = Base.lproj/Main.storyboard; sourceTree = "<group>"; };
		5722477026E99370002F5648 /* Assets.xcassets */ = {isa = PBXFileReference; lastKnownFileType = folder.assetcatalog; path = Assets.xcassets; sourceTree = "<group>"; };
		5722477326E99370002F5648 /* Base */ = {isa = PBXFileReference; lastKnownFileType = file.storyboard; name = Base; path = Base.lproj/LaunchScreen.storyboard; sourceTree = "<group>"; };
		5722477526E99370002F5648 /* Info.plist */ = {isa = PBXFileReference; lastKnownFileType = text.plist.xml; path = Info.plist; sourceTree = "<group>"; };
		57A812F126EA5958003A4C3D /* NotificationCenterViewController.swift */ = {isa = PBXFileReference; lastKnownFileType = sourcecode.swift; path = NotificationCenterViewController.swift; sourceTree = "<group>"; };
		57A812F426EF857A003A4C3D /* ChooseFruitViewController.swift */ = {isa = PBXFileReference; lastKnownFileType = sourcecode.swift; path = ChooseFruitViewController.swift; sourceTree = "<group>"; };
		57A812F826EF86B7003A4C3D /* DisplayFruitsTableController.swift */ = {isa = PBXFileReference; lastKnownFileType = sourcecode.swift; path = DisplayFruitsTableController.swift; sourceTree = "<group>"; };
		57A812FB26F02DBE003A4C3D /* NetworkingViewController.swift */ = {isa = PBXFileReference; lastKnownFileType = sourcecode.swift; path = NetworkingViewController.swift; sourceTree = "<group>"; };
		57F368CA26F1BE0C00B19CD5 /* Session.swift */ = {isa = PBXFileReference; lastKnownFileType = sourcecode.swift; path = Session.swift; sourceTree = "<group>"; };
		57F368CF26F1BE9700B19CD5 /* AuthViewController.swift */ = {isa = PBXFileReference; lastKnownFileType = sourcecode.swift; path = AuthViewController.swift; sourceTree = "<group>"; };
		57F368D126F1BEBA00B19CD5 /* DisplayFriendsViewController.swift */ = {isa = PBXFileReference; lastKnownFileType = sourcecode.swift; path = DisplayFriendsViewController.swift; sourceTree = "<group>"; };
		ED265072B355C2D0A251C57A /* Pods-client-server-1436.debug.xcconfig */ = {isa = PBXFileReference; includeInIndex = 1; lastKnownFileType = text.xcconfig; name = "Pods-client-server-1436.debug.xcconfig"; path = "Target Support Files/Pods-client-server-1436/Pods-client-server-1436.debug.xcconfig"; sourceTree = "<group>"; };
/* End PBXFileReference section */

/* Begin PBXFrameworksBuildPhase section */
		5722476126E9936F002F5648 /* Frameworks */ = {
			isa = PBXFrameworksBuildPhase;
			buildActionMask = 2147483647;
			files = (
				F800FCFC3DF12C6E4250902F /* Pods_client_server_1436.framework in Frameworks */,
			);
			runOnlyForDeploymentPostprocessing = 0;
		};
/* End PBXFrameworksBuildPhase section */

/* Begin PBXGroup section */
		02CD935F8AEFD13B1CE99EDD /* Frameworks */ = {
			isa = PBXGroup;
			children = (
				51C26B5E2FCB91A942AA907C /* Pods_client_server_1436.framework */,
			);
			name = Frameworks;
			sourceTree = "<group>";
		};
		035F1C8EE92D7ABC3BEC27FC /* Pods */ = {
			isa = PBXGroup;
			children = (
				ED265072B355C2D0A251C57A /* Pods-client-server-1436.debug.xcconfig */,
				1E2D7F9457AF275862C67A1E /* Pods-client-server-1436.release.xcconfig */,
			);
			path = Pods;
			sourceTree = "<group>";
		};
		571D16A226E995AB00010A15 /* App */ = {
			isa = PBXGroup;
			children = (
				5722476926E9936F002F5648 /* SceneDelegate.swift */,
				5722476726E9936F002F5648 /* AppDelegate.swift */,
			);
			path = App;
			sourceTree = "<group>";
		};
		571D16A326E995D500010A15 /* Resources */ = {
			isa = PBXGroup;
			children = (
				5722476D26E9936F002F5648 /* Main.storyboard */,
				5722477026E99370002F5648 /* Assets.xcassets */,
				5722477226E99370002F5648 /* LaunchScreen.storyboard */,
				5722477526E99370002F5648 /* Info.plist */,
			);
			path = Resources;
			sourceTree = "<group>";
		};
		571D16A426E998A000010A15 /* lesson-1 */ = {
			isa = PBXGroup;
			children = (
				57A812F326EF8468003A4C3D /* Delegate */,
				57A812F026EA5894003A4C3D /* NotificationCenter */,
				57A812EF26EA5889003A4C3D /* Singleton */,
			);
			path = "lesson-1";
			sourceTree = "<group>";
		};
		5722475B26E9936F002F5648 = {
			isa = PBXGroup;
			children = (
				5722476626E9936F002F5648 /* client-server-1436 */,
				5722476526E9936F002F5648 /* Products */,
				035F1C8EE92D7ABC3BEC27FC /* Pods */,
				02CD935F8AEFD13B1CE99EDD /* Frameworks */,
			);
			sourceTree = "<group>";
		};
		5722476526E9936F002F5648 /* Products */ = {
			isa = PBXGroup;
			children = (
				5722476426E9936F002F5648 /* client-server-1436.app */,
			);
			name = Products;
			sourceTree = "<group>";
		};
		5722476626E9936F002F5648 /* client-server-1436 */ = {
			isa = PBXGroup;
			children = (
				57F368C826F1BB8500B19CD5 /* vk-api */,
				5722476B26E9936F002F5648 /* ViewController.swift */,
				57A812FA26EF8F21003A4C3D /* lesson-2 */,
				571D16A226E995AB00010A15 /* App */,
				571D16A426E998A000010A15 /* lesson-1 */,
				571D16A326E995D500010A15 /* Resources */,
			);
			path = "client-server-1436";
			sourceTree = "<group>";
		};
		57A812EF26EA5889003A4C3D /* Singleton */ = {
			isa = PBXGroup;
			children = (
				571D16A526EA0F1700010A15 /* SendViewController.swift */,
				571D16A726EA0F2900010A15 /* DetailViewController.swift */,
			);
			path = Singleton;
			sourceTree = "<group>";
		};
		57A812F026EA5894003A4C3D /* NotificationCenter */ = {
			isa = PBXGroup;
			children = (
				57A812F126EA5958003A4C3D /* NotificationCenterViewController.swift */,
			);
			path = NotificationCenter;
			sourceTree = "<group>";
		};
		57A812F326EF8468003A4C3D /* Delegate */ = {
			isa = PBXGroup;
			children = (
				57A812F426EF857A003A4C3D /* ChooseFruitViewController.swift */,
				57A812F826EF86B7003A4C3D /* DisplayFruitsTableController.swift */,
			);
			path = Delegate;
			sourceTree = "<group>";
		};
		57A812FA26EF8F21003A4C3D /* lesson-2 */ = {
			isa = PBXGroup;
			children = (
				57A812FB26F02DBE003A4C3D /* NetworkingViewController.swift */,
			);
			path = "lesson-2";
			sourceTree = "<group>";
		};
		57F368C826F1BB8500B19CD5 /* vk-api */ = {
			isa = PBXGroup;
			children = (
				57F368CC26F1BE5F00B19CD5 /* Module */,
				57F368C926F1BC0500B19CD5 /* Service */,
			);
			path = "vk-api";
			sourceTree = "<group>";
		};
		57F368C926F1BC0500B19CD5 /* Service */ = {
			isa = PBXGroup;
			children = (
				57F368CA26F1BE0C00B19CD5 /* Session.swift */,
				5700F33F26FD63AF007281DC /* FriendsAPI.swift */,
			);
			path = Service;
			sourceTree = "<group>";
		};
		57F368CC26F1BE5F00B19CD5 /* Module */ = {
			isa = PBXGroup;
			children = (
				57F368CE26F1BE7300B19CD5 /* Display Friends */,
				57F368CD26F1BE6E00B19CD5 /* Auth */,
			);
			path = Module;
			sourceTree = "<group>";
		};
		57F368CD26F1BE6E00B19CD5 /* Auth */ = {
			isa = PBXGroup;
			children = (
				57F368CF26F1BE9700B19CD5 /* AuthViewController.swift */,
			);
			path = Auth;
			sourceTree = "<group>";
		};
		57F368CE26F1BE7300B19CD5 /* Display Friends */ = {
			isa = PBXGroup;
			children = (
				57F368D126F1BEBA00B19CD5 /* DisplayFriendsViewController.swift */,
			);
			path = "Display Friends";
			sourceTree = "<group>";
		};
/* End PBXGroup section */

/* Begin PBXNativeTarget section */
		5722476326E9936F002F5648 /* client-server-1436 */ = {
			isa = PBXNativeTarget;
			buildConfigurationList = 5722477826E99370002F5648 /* Build configuration list for PBXNativeTarget "client-server-1436" */;
			buildPhases = (
				3C8100222A8861975FDFC04F /* [CP] Check Pods Manifest.lock */,
				5722476026E9936F002F5648 /* Sources */,
				5722476126E9936F002F5648 /* Frameworks */,
				5722476226E9936F002F5648 /* Resources */,
				783F5C39934ED42C3F74159C /* [CP] Embed Pods Frameworks */,
			);
			buildRules = (
			);
			dependencies = (
			);
			name = "client-server-1436";
			productName = "client-server-1436";
			productReference = 5722476426E9936F002F5648 /* client-server-1436.app */;
			productType = "com.apple.product-type.application";
		};
/* End PBXNativeTarget section */

/* Begin PBXProject section */
		5722475C26E9936F002F5648 /* Project object */ = {
			isa = PBXProject;
			attributes = {
				LastSwiftUpdateCheck = 1250;
				LastUpgradeCheck = 1250;
				TargetAttributes = {
					5722476326E9936F002F5648 = {
						CreatedOnToolsVersion = 12.5.1;
					};
				};
			};
			buildConfigurationList = 5722475F26E9936F002F5648 /* Build configuration list for PBXProject "client-server-1436" */;
			compatibilityVersion = "Xcode 9.3";
			developmentRegion = en;
			hasScannedForEncodings = 0;
			knownRegions = (
				en,
				Base,
			);
			mainGroup = 5722475B26E9936F002F5648;
			productRefGroup = 5722476526E9936F002F5648 /* Products */;
			projectDirPath = "";
			projectRoot = "";
			targets = (
				5722476326E9936F002F5648 /* client-server-1436 */,
			);
		};
/* End PBXProject section */

/* Begin PBXResourcesBuildPhase section */
		5722476226E9936F002F5648 /* Resources */ = {
			isa = PBXResourcesBuildPhase;
			buildActionMask = 2147483647;
			files = (
				5722477426E99370002F5648 /* LaunchScreen.storyboard in Resources */,
				5722477126E99370002F5648 /* Assets.xcassets in Resources */,
				5722476F26E9936F002F5648 /* Main.storyboard in Resources */,
			);
			runOnlyForDeploymentPostprocessing = 0;
		};
/* End PBXResourcesBuildPhase section */

/* Begin PBXShellScriptBuildPhase section */
		3C8100222A8861975FDFC04F /* [CP] Check Pods Manifest.lock */ = {
			isa = PBXShellScriptBuildPhase;
			buildActionMask = 2147483647;
			files = (
			);
			inputFileListPaths = (
			);
			inputPaths = (
				"${PODS_PODFILE_DIR_PATH}/Podfile.lock",
				"${PODS_ROOT}/Manifest.lock",
			);
			name = "[CP] Check Pods Manifest.lock";
			outputFileListPaths = (
			);
			outputPaths = (
				"$(DERIVED_FILE_DIR)/Pods-client-server-1436-checkManifestLockResult.txt",
			);
			runOnlyForDeploymentPostprocessing = 0;
			shellPath = /bin/sh;
			shellScript = "diff \"${PODS_PODFILE_DIR_PATH}/Podfile.lock\" \"${PODS_ROOT}/Manifest.lock\" > /dev/null\nif [ $? != 0 ] ; then\n    # print error to STDERR\n    echo \"error: The sandbox is not in sync with the Podfile.lock. Run 'pod install' or update your CocoaPods installation.\" >&2\n    exit 1\nfi\n# This output is used by Xcode 'outputs' to avoid re-running this script phase.\necho \"SUCCESS\" > \"${SCRIPT_OUTPUT_FILE_0}\"\n";
			showEnvVarsInLog = 0;
		};
		783F5C39934ED42C3F74159C /* [CP] Embed Pods Frameworks */ = {
			isa = PBXShellScriptBuildPhase;
			buildActionMask = 2147483647;
			files = (
			);
			inputFileListPaths = (
				"${PODS_ROOT}/Target Support Files/Pods-client-server-1436/Pods-client-server-1436-frameworks-${CONFIGURATION}-input-files.xcfilelist",
			);
			name = "[CP] Embed Pods Frameworks";
			outputFileListPaths = (
				"${PODS_ROOT}/Target Support Files/Pods-client-server-1436/Pods-client-server-1436-frameworks-${CONFIGURATION}-output-files.xcfilelist",
			);
			runOnlyForDeploymentPostprocessing = 0;
			shellPath = /bin/sh;
			shellScript = "\"${PODS_ROOT}/Target Support Files/Pods-client-server-1436/Pods-client-server-1436-frameworks.sh\"\n";
			showEnvVarsInLog = 0;
		};
/* End PBXShellScriptBuildPhase section */

/* Begin PBXSourcesBuildPhase section */
		5722476026E9936F002F5648 /* Sources */ = {
			isa = PBXSourcesBuildPhase;
			buildActionMask = 2147483647;
			files = (
				57F368D026F1BE9700B19CD5 /* AuthViewController.swift in Sources */,
				57F368CB26F1BE0C00B19CD5 /* Session.swift in Sources */,
				57A812F226EA5958003A4C3D /* NotificationCenterViewController.swift in Sources */,
				57A812F526EF857A003A4C3D /* ChooseFruitViewController.swift in Sources */,
				57A812FC26F02DBE003A4C3D /* NetworkingViewController.swift in Sources */,
				57A812F926EF86B7003A4C3D /* DisplayFruitsTableController.swift in Sources */,
				571D16A626EA0F1700010A15 /* SendViewController.swift in Sources */,
				5722476C26E9936F002F5648 /* ViewController.swift in Sources */,
				571D16A826EA0F2900010A15 /* DetailViewController.swift in Sources */,
				57F368D226F1BEBA00B19CD5 /* DisplayFriendsViewController.swift in Sources */,
				5722476826E9936F002F5648 /* AppDelegate.swift in Sources */,
				5722476A26E9936F002F5648 /* SceneDelegate.swift in Sources */,
				5700F34026FD63AF007281DC /* FriendsAPI.swift in Sources */,
			);
			runOnlyForDeploymentPostprocessing = 0;
		};
/* End PBXSourcesBuildPhase section */

/* Begin PBXVariantGroup section */
		5722476D26E9936F002F5648 /* Main.storyboard */ = {
			isa = PBXVariantGroup;
			children = (
				5722476E26E9936F002F5648 /* Base */,
			);
			name = Main.storyboard;
			sourceTree = "<group>";
		};
		5722477226E99370002F5648 /* LaunchScreen.storyboard */ = {
			isa = PBXVariantGroup;
			children = (
				5722477326E99370002F5648 /* Base */,
			);
			name = LaunchScreen.storyboard;
			sourceTree = "<group>";
		};
/* End PBXVariantGroup section */

/* Begin XCBuildConfiguration section */
		5722477626E99370002F5648 /* Debug */ = {
			isa = XCBuildConfiguration;
			buildSettings = {
				ALWAYS_SEARCH_USER_PATHS = NO;
				CLANG_ANALYZER_NONNULL = YES;
				CLANG_ANALYZER_NUMBER_OBJECT_CONVERSION = YES_AGGRESSIVE;
				CLANG_CXX_LANGUAGE_STANDARD = "gnu++14";
				CLANG_CXX_LIBRARY = "libc++";
				CLANG_ENABLE_MODULES = YES;
				CLANG_ENABLE_OBJC_ARC = YES;
				CLANG_ENABLE_OBJC_WEAK = YES;
				CLANG_WARN_BLOCK_CAPTURE_AUTORELEASING = YES;
				CLANG_WARN_BOOL_CONVERSION = YES;
				CLANG_WARN_COMMA = YES;
				CLANG_WARN_CONSTANT_CONVERSION = YES;
				CLANG_WARN_DEPRECATED_OBJC_IMPLEMENTATIONS = YES;
				CLANG_WARN_DIRECT_OBJC_ISA_USAGE = YES_ERROR;
				CLANG_WARN_DOCUMENTATION_COMMENTS = YES;
				CLANG_WARN_EMPTY_BODY = YES;
				CLANG_WARN_ENUM_CONVERSION = YES;
				CLANG_WARN_INFINITE_RECURSION = YES;
				CLANG_WARN_INT_CONVERSION = YES;
				CLANG_WARN_NON_LITERAL_NULL_CONVERSION = YES;
				CLANG_WARN_OBJC_IMPLICIT_RETAIN_SELF = YES;
				CLANG_WARN_OBJC_LITERAL_CONVERSION = YES;
				CLANG_WARN_OBJC_ROOT_CLASS = YES_ERROR;
				CLANG_WARN_QUOTED_INCLUDE_IN_FRAMEWORK_HEADER = YES;
				CLANG_WARN_RANGE_LOOP_ANALYSIS = YES;
				CLANG_WARN_STRICT_PROTOTYPES = YES;
				CLANG_WARN_SUSPICIOUS_MOVE = YES;
				CLANG_WARN_UNGUARDED_AVAILABILITY = YES_AGGRESSIVE;
				CLANG_WARN_UNREACHABLE_CODE = YES;
				CLANG_WARN__DUPLICATE_METHOD_MATCH = YES;
				COPY_PHASE_STRIP = NO;
				DEBUG_INFORMATION_FORMAT = dwarf;
				ENABLE_STRICT_OBJC_MSGSEND = YES;
				ENABLE_TESTABILITY = YES;
				GCC_C_LANGUAGE_STANDARD = gnu11;
				GCC_DYNAMIC_NO_PIC = NO;
				GCC_NO_COMMON_BLOCKS = YES;
				GCC_OPTIMIZATION_LEVEL = 0;
				GCC_PREPROCESSOR_DEFINITIONS = (
					"DEBUG=1",
					"$(inherited)",
				);
				GCC_WARN_64_TO_32_BIT_CONVERSION = YES;
				GCC_WARN_ABOUT_RETURN_TYPE = YES_ERROR;
				GCC_WARN_UNDECLARED_SELECTOR = YES;
				GCC_WARN_UNINITIALIZED_AUTOS = YES_AGGRESSIVE;
				GCC_WARN_UNUSED_FUNCTION = YES;
				GCC_WARN_UNUSED_VARIABLE = YES;
				IPHONEOS_DEPLOYMENT_TARGET = 14.5;
				MTL_ENABLE_DEBUG_INFO = INCLUDE_SOURCE;
				MTL_FAST_MATH = YES;
				ONLY_ACTIVE_ARCH = YES;
				SDKROOT = iphoneos;
				SWIFT_ACTIVE_COMPILATION_CONDITIONS = DEBUG;
				SWIFT_OPTIMIZATION_LEVEL = "-Onone";
			};
			name = Debug;
		};
		5722477726E99370002F5648 /* Release */ = {
			isa = XCBuildConfiguration;
			buildSettings = {
				ALWAYS_SEARCH_USER_PATHS = NO;
				CLANG_ANALYZER_NONNULL = YES;
				CLANG_ANALYZER_NUMBER_OBJECT_CONVERSION = YES_AGGRESSIVE;
				CLANG_CXX_LANGUAGE_STANDARD = "gnu++14";
				CLANG_CXX_LIBRARY = "libc++";
				CLANG_ENABLE_MODULES = YES;
				CLANG_ENABLE_OBJC_ARC = YES;
				CLANG_ENABLE_OBJC_WEAK = YES;
				CLANG_WARN_BLOCK_CAPTURE_AUTORELEASING = YES;
				CLANG_WARN_BOOL_CONVERSION = YES;
				CLANG_WARN_COMMA = YES;
				CLANG_WARN_CONSTANT_CONVERSION = YES;
				CLANG_WARN_DEPRECATED_OBJC_IMPLEMENTATIONS = YES;
				CLANG_WARN_DIRECT_OBJC_ISA_USAGE = YES_ERROR;
				CLANG_WARN_DOCUMENTATION_COMMENTS = YES;
				CLANG_WARN_EMPTY_BODY = YES;
				CLANG_WARN_ENUM_CONVERSION = YES;
				CLANG_WARN_INFINITE_RECURSION = YES;
				CLANG_WARN_INT_CONVERSION = YES;
				CLANG_WARN_NON_LITERAL_NULL_CONVERSION = YES;
				CLANG_WARN_OBJC_IMPLICIT_RETAIN_SELF = YES;
				CLANG_WARN_OBJC_LITERAL_CONVERSION = YES;
				CLANG_WARN_OBJC_ROOT_CLASS = YES_ERROR;
				CLANG_WARN_QUOTED_INCLUDE_IN_FRAMEWORK_HEADER = YES;
				CLANG_WARN_RANGE_LOOP_ANALYSIS = YES;
				CLANG_WARN_STRICT_PROTOTYPES = YES;
				CLANG_WARN_SUSPICIOUS_MOVE = YES;
				CLANG_WARN_UNGUARDED_AVAILABILITY = YES_AGGRESSIVE;
				CLANG_WARN_UNREACHABLE_CODE = YES;
				CLANG_WARN__DUPLICATE_METHOD_MATCH = YES;
				COPY_PHASE_STRIP = NO;
				DEBUG_INFORMATION_FORMAT = "dwarf-with-dsym";
				ENABLE_NS_ASSERTIONS = NO;
				ENABLE_STRICT_OBJC_MSGSEND = YES;
				GCC_C_LANGUAGE_STANDARD = gnu11;
				GCC_NO_COMMON_BLOCKS = YES;
				GCC_WARN_64_TO_32_BIT_CONVERSION = YES;
				GCC_WARN_ABOUT_RETURN_TYPE = YES_ERROR;
				GCC_WARN_UNDECLARED_SELECTOR = YES;
				GCC_WARN_UNINITIALIZED_AUTOS = YES_AGGRESSIVE;
				GCC_WARN_UNUSED_FUNCTION = YES;
				GCC_WARN_UNUSED_VARIABLE = YES;
				IPHONEOS_DEPLOYMENT_TARGET = 14.5;
				MTL_ENABLE_DEBUG_INFO = NO;
				MTL_FAST_MATH = YES;
				SDKROOT = iphoneos;
				SWIFT_COMPILATION_MODE = wholemodule;
				SWIFT_OPTIMIZATION_LEVEL = "-O";
				VALIDATE_PRODUCT = YES;
			};
			name = Release;
		};
		5722477926E99370002F5648 /* Debug */ = {
			isa = XCBuildConfiguration;
			baseConfigurationReference = ED265072B355C2D0A251C57A /* Pods-client-server-1436.debug.xcconfig */;
			buildSettings = {
				ASSETCATALOG_COMPILER_APPICON_NAME = AppIcon;
				ASSETCATALOG_COMPILER_GLOBAL_ACCENT_COLOR_NAME = AccentColor;
				CODE_SIGN_STYLE = Automatic;
				DEVELOPMENT_TEAM = BG5UDAJYTJ;
				INFOPLIST_FILE = "client-server-1436/Resources/Info.plist";
				LD_RUNPATH_SEARCH_PATHS = (
					"$(inherited)",
					"@executable_path/Frameworks",
				);
				PRODUCT_BUNDLE_IDENTIFIER = "tempdos.client-server-1436";
				PRODUCT_NAME = "$(TARGET_NAME)";
				SWIFT_VERSION = 5.0;
				TARGETED_DEVICE_FAMILY = "1,2";
			};
			name = Debug;
		};
		5722477A26E99370002F5648 /* Release */ = {
			isa = XCBuildConfiguration;
			baseConfigurationReference = 1E2D7F9457AF275862C67A1E /* Pods-client-server-1436.release.xcconfig */;
			buildSettings = {
				ASSETCATALOG_COMPILER_APPICON_NAME = AppIcon;
				ASSETCATALOG_COMPILER_GLOBAL_ACCENT_COLOR_NAME = AccentColor;
				CODE_SIGN_STYLE = Automatic;
				DEVELOPMENT_TEAM = BG5UDAJYTJ;
				INFOPLIST_FILE = "client-server-1436/Resources/Info.plist";
				LD_RUNPATH_SEARCH_PATHS = (
					"$(inherited)",
					"@executable_path/Frameworks",
				);
				PRODUCT_BUNDLE_IDENTIFIER = "tempdos.client-server-1436";
				PRODUCT_NAME = "$(TARGET_NAME)";
				SWIFT_VERSION = 5.0;
				TARGETED_DEVICE_FAMILY = "1,2";
			};
			name = Release;
		};
/* End XCBuildConfiguration section */

/* Begin XCConfigurationList section */
		5722475F26E9936F002F5648 /* Build configuration list for PBXProject "client-server-1436" */ = {
			isa = XCConfigurationList;
			buildConfigurations = (
				5722477626E99370002F5648 /* Debug */,
				5722477726E99370002F5648 /* Release */,
			);
			defaultConfigurationIsVisible = 0;
			defaultConfigurationName = Release;
		};
		5722477826E99370002F5648 /* Build configuration list for PBXNativeTarget "client-server-1436" */ = {
			isa = XCConfigurationList;
			buildConfigurations = (
				5722477926E99370002F5648 /* Debug */,
				5722477A26E99370002F5648 /* Release */,
			);
			defaultConfigurationIsVisible = 0;
			defaultConfigurationName = Release;
		};
/* End XCConfigurationList section */
	};
	rootObject = 5722475C26E9936F002F5648 /* Project object */;
}
